schema: '2.0'
stages:
  load_data:
    cmd: python src/load_data.py --config=params.yaml
    deps:
    - path: Training_Batch_Files/training_batch.csv
      md5: 5679eabead10af2bd03bd2e6e529691e
      size: 390306941
    - path: src/get_data.py
      md5: f7cb8130fdc3931bc6337710ce6c8018
      size: 663
    - path: src/load_data.py
      md5: 7995944f2762e831240f21e00a9173f5
      size: 592
    outs:
    - path: data/raw/training_batch.csv
      md5: 3ac0e923d57cfe99dc495301ce37999a
      size: 389105148
  split_data:
    cmd: python src/split_data.py --config=params.yaml
    deps:
    - path: data/raw/training_batch.csv
      md5: 3ac0e923d57cfe99dc495301ce37999a
      size: 389105148
    - path: src/split_data.py
      md5: 154b1a42a39f0abe339951834b30caf7
      size: 1126
    outs:
    - path: data/processed/testing_data/test.csv
      md5: 49290154d8562b2d35cc04f5af4b1ddf
      size: 77804875
    - path: data/processed/training_data/train.csv
      md5: 275f36ad757a87bb936b2bde552b4b58
      size: 311225763
  train_evaluate:
    cmd: python src/train_evaluate.py --config=params.yaml
    deps:
    - path: data/processed/testing_data/test.csv
      md5: 49290154d8562b2d35cc04f5af4b1ddf
      size: 77804875
    - path: data/processed/training_data/train.csv
      md5: 275f36ad757a87bb936b2bde552b4b58
      size: 311225763
    - path: src/train_evaluate.py
      md5: 8be501a4dc66846996c3024e97c22116
      size: 3075
    params:
      params.yaml:
        estimators.DecisionTreeClassifier.params.criterion: entropy
        estimators.DecisionTreeClassifier.params.max_depth: 8
        estimators.DecisionTreeClassifier.params.min_samples_leaf: 1
        estimators.DecisionTreeClassifier.params.min_samples_split: 2
    outs:
    - path: reports/params.json
      md5: 23fb685000a31f6a3379fe4af09bb618
      size: 105
    - path: reports/scores.json
      md5: 7104218a5fb01ef534a5f46b781b9f79
      size: 98
    - path: src/models/model.joblib
      md5: 57cf0627ad38e49e94ce15002ea09f8d
      size: 37975
